
Microsoft Visual Studio Solution File, Format Version 12.00
# Visual Studio Version 17
VisualStudioVersion = 17.9.34616.47
MinimumVisualStudioVersion = 10.0.40219.1
Project("{9A19103F-16F7-4668-BE54-9A1E7A4F7556}") = "NehuenOrganico", "NehuenOrganico.csproj", "{07074037-2C2F-449B-A6FD-E8E007661594}"
EndProject
Global
	GlobalSection(SolutionConfigurationPlatforms) = preSolution
		Debug|Any CPU = Debug|Any CPU
		Release|Any CPU = Release|Any CPU
	EndGlobalSection
	GlobalSection(ProjectConfigurationPlatforms) = postSolution
		{07074037-2C2F-449B-A6FD-E8E007661594}.Debug|Any CPU.ActiveCfg = Debug|Any CPU
		{07074037-2C2F-449B-A6FD-E8E007661594}.Debug|Any CPU.Build.0 = Debug|Any CPU
		{07074037-2C2F-449B-A6FD-E8E007661594}.Release|Any CPU.ActiveCfg = Release|Any CPU
		{07074037-2C2F-449B-A6FD-E8E007661594}.Release|Any CPU.Build.0 = Release|Any CPU
	EndGlobalSection
	GlobalSection(SolutionProperties) = preSolution
		HideSolutionNode = FALSE
	EndGlobalSection
	GlobalSection(ExtensibilityGlobals) = postSolution
		SolutionGuid = {76BE8D73-94F3-4404-B895-7E7BA39A9AFB}
	EndGlobalSection
EndGlobal
